// !$*UTF8*$!
{
	archiveVersion = 1;
	classes = {
	};
	objectVersion = 56;
	objects = {

/* Begin PBXBuildFile section */
		B2151D422AF7C56500B99FEA /* SetupSampleView.swift in Sources */ = {isa = PBXBuildFile; fileRef = B2151D412AF7C56500B99FEA /* SetupSampleView.swift */; };
		B2151D452AF7D38800B99FEA /* LayersViewController.swift in Sources */ = {isa = PBXBuildFile; fileRef = B2151D432AF7D38800B99FEA /* LayersViewController.swift */; };
		B2151D462AF7D38800B99FEA /* LayersViewController.xib in Resources */ = {isa = PBXBuildFile; fileRef = B2151D442AF7D38800B99FEA /* LayersViewController.xib */; };
		B2151D4D2AF7E3AE00B99FEA /* LayerTableViewCell.swift in Sources */ = {isa = PBXBuildFile; fileRef = B2151D4B2AF7E3AE00B99FEA /* LayerTableViewCell.swift */; };
		B2151D4E2AF7E3AE00B99FEA /* LayerTableViewCell.xib in Resources */ = {isa = PBXBuildFile; fileRef = B2151D4C2AF7E3AE00B99FEA /* LayerTableViewCell.xib */; };
		B26947C32AF2118E005B04B3 /* AppDelegate.swift in Sources */ = {isa = PBXBuildFile; fileRef = B26947C22AF2118E005B04B3 /* AppDelegate.swift */; };
		B26947C52AF2118E005B04B3 /* SceneDelegate.swift in Sources */ = {isa = PBXBuildFile; fileRef = B26947C42AF2118E005B04B3 /* SceneDelegate.swift */; };
		B26947C72AF2118E005B04B3 /* MainViewController.swift in Sources */ = {isa = PBXBuildFile; fileRef = B26947C62AF2118E005B04B3 /* MainViewController.swift */; };
		B26947CA2AF2118E005B04B3 /* Main.storyboard in Resources */ = {isa = PBXBuildFile; fileRef = B26947C82AF2118E005B04B3 /* Main.storyboard */; };
		B26947CC2AF21193005B04B3 /* Assets.xcassets in Resources */ = {isa = PBXBuildFile; fileRef = B26947CB2AF21193005B04B3 /* Assets.xcassets */; };
		B26947CF2AF21193005B04B3 /* LaunchScreen.storyboard in Resources */ = {isa = PBXBuildFile; fileRef = B26947CD2AF21193005B04B3 /* LaunchScreen.storyboard */; };
		B26947D72AF6642A005B04B3 /* AudioSampleManager.swift in Sources */ = {isa = PBXBuildFile; fileRef = B26947D62AF6642A005B04B3 /* AudioSampleManager.swift */; };
		B26948292AF6703B005B04B3 /* useful_guitar_chords_60bpm.wav in Resources */ = {isa = PBXBuildFile; fileRef = B26948252AF66C27005B04B3 /* useful_guitar_chords_60bpm.wav */; };
		B269482B2AF671A1005B04B3 /* anthem_drums_71bpm.wav in Resources */ = {isa = PBXBuildFile; fileRef = B269482A2AF671A1005B04B3 /* anthem_drums_71bpm.wav */; };
		B269482D2AF67246005B04B3 /* urban_rnb_chords.wav in Resources */ = {isa = PBXBuildFile; fileRef = B269482C2AF67246005B04B3 /* urban_rnb_chords.wav */; };
/* End PBXBuildFile section */

/* Begin PBXFileReference section */
		B2151D412AF7C56500B99FEA /* SetupSampleView.swift */ = {isa = PBXFileReference; lastKnownFileType = sourcecode.swift; path = SetupSampleView.swift; sourceTree = "<group>"; };
		B2151D432AF7D38800B99FEA /* LayersViewController.swift */ = {isa = PBXFileReference; lastKnownFileType = sourcecode.swift; path = LayersViewController.swift; sourceTree = "<group>"; };
		B2151D442AF7D38800B99FEA /* LayersViewController.xib */ = {isa = PBXFileReference; lastKnownFileType = file.xib; path = LayersViewController.xib; sourceTree = "<group>"; };
		B2151D4B2AF7E3AE00B99FEA /* LayerTableViewCell.swift */ = {isa = PBXFileReference; lastKnownFileType = sourcecode.swift; path = LayerTableViewCell.swift; sourceTree = "<group>"; };
		B2151D4C2AF7E3AE00B99FEA /* LayerTableViewCell.xib */ = {isa = PBXFileReference; lastKnownFileType = file.xib; path = LayerTableViewCell.xib; sourceTree = "<group>"; };
		B26947BF2AF2118E005B04B3 /* Salvador.app */ = {isa = PBXFileReference; explicitFileType = wrapper.application; includeInIndex = 0; path = Salvador.app; sourceTree = BUILT_PRODUCTS_DIR; };
		B26947C22AF2118E005B04B3 /* AppDelegate.swift */ = {isa = PBXFileReference; lastKnownFileType = sourcecode.swift; path = AppDelegate.swift; sourceTree = "<group>"; };
		B26947C42AF2118E005B04B3 /* SceneDelegate.swift */ = {isa = PBXFileReference; lastKnownFileType = sourcecode.swift; path = SceneDelegate.swift; sourceTree = "<group>"; };
		B26947C62AF2118E005B04B3 /* MainViewController.swift */ = {isa = PBXFileReference; lastKnownFileType = sourcecode.swift; path = MainViewController.swift; sourceTree = "<group>"; };
		B26947C92AF2118E005B04B3 /* Base */ = {isa = PBXFileReference; lastKnownFileType = file.storyboard; name = Base; path = Base.lproj/Main.storyboard; sourceTree = "<group>"; };
		B26947CB2AF21193005B04B3 /* Assets.xcassets */ = {isa = PBXFileReference; lastKnownFileType = folder.assetcatalog; path = Assets.xcassets; sourceTree = "<group>"; };
		B26947CE2AF21193005B04B3 /* Base */ = {isa = PBXFileReference; lastKnownFileType = file.storyboard; name = Base; path = Base.lproj/LaunchScreen.storyboard; sourceTree = "<group>"; };
		B26947D02AF21193005B04B3 /* Info.plist */ = {isa = PBXFileReference; lastKnownFileType = text.plist.xml; path = Info.plist; sourceTree = "<group>"; };
		B26947D62AF6642A005B04B3 /* AudioSampleManager.swift */ = {isa = PBXFileReference; lastKnownFileType = sourcecode.swift; path = AudioSampleManager.swift; sourceTree = "<group>"; };
		B26948252AF66C27005B04B3 /* useful_guitar_chords_60bpm.wav */ = {isa = PBXFileReference; lastKnownFileType = audio.wav; path = useful_guitar_chords_60bpm.wav; sourceTree = "<group>"; };
		B269482A2AF671A1005B04B3 /* anthem_drums_71bpm.wav */ = {isa = PBXFileReference; lastKnownFileType = audio.wav; path = anthem_drums_71bpm.wav; sourceTree = "<group>"; };
		B269482C2AF67246005B04B3 /* urban_rnb_chords.wav */ = {isa = PBXFileReference; lastKnownFileType = audio.wav; path = urban_rnb_chords.wav; sourceTree = "<group>"; };
/* End PBXFileReference section */

/* Begin PBXFrameworksBuildPhase section */
		B26947BC2AF2118E005B04B3 /* Frameworks */ = {
			isa = PBXFrameworksBuildPhase;
			buildActionMask = 2147483647;
			files = (
			);
			runOnlyForDeploymentPostprocessing = 0;
		};
/* End PBXFrameworksBuildPhase section */

/* Begin PBXGroup section */
		B2151D472AF7D39400B99FEA /* UI */ = {
			isa = PBXGroup;
			children = (
				B2151D4A2AF7D4F400B99FEA /* MainViewController */,
				B2151D492AF7D3F400B99FEA /* LayersViewController */,
			);
			path = UI;
			sourceTree = "<group>";
		};
		B2151D482AF7D3B600B99FEA /* Logic */ = {
			isa = PBXGroup;
			children = (
				B26947D62AF6642A005B04B3 /* AudioSampleManager.swift */,
			);
			path = Logic;
			sourceTree = "<group>";
		};
		B2151D492AF7D3F400B99FEA /* LayersViewController */ = {
			isa = PBXGroup;
			children = (
				B2151D432AF7D38800B99FEA /* LayersViewController.swift */,
				B2151D442AF7D38800B99FEA /* LayersViewController.xib */,
				B2151D4B2AF7E3AE00B99FEA /* LayerTableViewCell.swift */,
				B2151D4C2AF7E3AE00B99FEA /* LayerTableViewCell.xib */,
			);
			path = LayersViewController;
			sourceTree = "<group>";
		};
		B2151D4A2AF7D4F400B99FEA /* MainViewController */ = {
			isa = PBXGroup;
			children = (
				B26947C82AF2118E005B04B3 /* Main.storyboard */,
				B26947C62AF2118E005B04B3 /* MainViewController.swift */,
				B2151D412AF7C56500B99FEA /* SetupSampleView.swift */,
			);
			path = MainViewController;
			sourceTree = "<group>";
		};
		B26947B62AF2118E005B04B3 = {
			isa = PBXGroup;
			children = (
				B26947C12AF2118E005B04B3 /* Salvador */,
				B26947C02AF2118E005B04B3 /* Products */,
			);
			sourceTree = "<group>";
		};
		B26947C02AF2118E005B04B3 /* Products */ = {
			isa = PBXGroup;
			children = (
				B26947BF2AF2118E005B04B3 /* Salvador.app */,
			);
			name = Products;
			sourceTree = "<group>";
		};
		B26947C12AF2118E005B04B3 /* Salvador */ = {
			isa = PBXGroup;
			children = (
				B2151D482AF7D3B600B99FEA /* Logic */,
				B2151D472AF7D39400B99FEA /* UI */,
				B26947C22AF2118E005B04B3 /* AppDelegate.swift */,
				B26947C42AF2118E005B04B3 /* SceneDelegate.swift */,
				B26947FE2AF66528005B04B3 /* Resources */,
				B26947CB2AF21193005B04B3 /* Assets.xcassets */,
				B26947D02AF21193005B04B3 /* Info.plist */,
				B26947CD2AF21193005B04B3 /* LaunchScreen.storyboard */,
			);
			path = Salvador;
			sourceTree = "<group>";
		};
		B26947FE2AF66528005B04B3 /* Resources */ = {
			isa = PBXGroup;
			children = (
				B269482C2AF67246005B04B3 /* urban_rnb_chords.wav */,
				B269482A2AF671A1005B04B3 /* anthem_drums_71bpm.wav */,
				B26948252AF66C27005B04B3 /* useful_guitar_chords_60bpm.wav */,
			);
			path = Resources;
			sourceTree = "<group>";
		};
/* End PBXGroup section */

/* Begin PBXNativeTarget section */
		B26947BE2AF2118E005B04B3 /* Salvador */ = {
			isa = PBXNativeTarget;
			buildConfigurationList = B26947D32AF21193005B04B3 /* Build configuration list for PBXNativeTarget "Salvador" */;
			buildPhases = (
				B26947BB2AF2118E005B04B3 /* Sources */,
				B26947BC2AF2118E005B04B3 /* Frameworks */,
				B26947BD2AF2118E005B04B3 /* Resources */,
			);
			buildRules = (
			);
			dependencies = (
			);
			name = Salvador;
			productName = Salvador;
			productReference = B26947BF2AF2118E005B04B3 /* Salvador.app */;
			productType = "com.apple.product-type.application";
		};
/* End PBXNativeTarget section */

/* Begin PBXProject section */
		B26947B72AF2118E005B04B3 /* Project object */ = {
			isa = PBXProject;
			attributes = {
				BuildIndependentTargetsInParallel = 1;
				LastSwiftUpdateCheck = 1420;
				LastUpgradeCheck = 1420;
				TargetAttributes = {
					B26947BE2AF2118E005B04B3 = {
						CreatedOnToolsVersion = 14.2;
					};
				};
			};
			buildConfigurationList = B26947BA2AF2118E005B04B3 /* Build configuration list for PBXProject "Salvador" */;
			compatibilityVersion = "Xcode 14.0";
			developmentRegion = en;
			hasScannedForEncodings = 0;
			knownRegions = (
				en,
				Base,
			);
			mainGroup = B26947B62AF2118E005B04B3;
			productRefGroup = B26947C02AF2118E005B04B3 /* Products */;
			projectDirPath = "";
			projectRoot = "";
			targets = (
				B26947BE2AF2118E005B04B3 /* Salvador */,
			);
		};
/* End PBXProject section */

/* Begin PBXResourcesBuildPhase section */
		B26947BD2AF2118E005B04B3 /* Resources */ = {
			isa = PBXResourcesBuildPhase;
			buildActionMask = 2147483647;
			files = (
				B26948292AF6703B005B04B3 /* useful_guitar_chords_60bpm.wav in Resources */,
				B269482B2AF671A1005B04B3 /* anthem_drums_71bpm.wav in Resources */,
				B269482D2AF67246005B04B3 /* urban_rnb_chords.wav in Resources */,
				B26947CF2AF21193005B04B3 /* LaunchScreen.storyboard in Resources */,
				B2151D462AF7D38800B99FEA /* LayersViewController.xib in Resources */,
				B26947CC2AF21193005B04B3 /* Assets.xcassets in Resources */,
				B26947CA2AF2118E005B04B3 /* Main.storyboard in Resources */,
				B2151D4E2AF7E3AE00B99FEA /* LayerTableViewCell.xib in Resources */,
			);
			runOnlyForDeploymentPostprocessing = 0;
		};
/* End PBXResourcesBuildPhase section */

/* Begin PBXSourcesBuildPhase section */
		B26947BB2AF2118E005B04B3 /* Sources */ = {
			isa = PBXSourcesBuildPhase;
			buildActionMask = 2147483647;
			files = (
				B2151D4D2AF7E3AE00B99FEA /* LayerTableViewCell.swift in Sources */,
				B26947D72AF6642A005B04B3 /* AudioSampleManager.swift in Sources */,
				B26947C72AF2118E005B04B3 /* MainViewController.swift in Sources */,
				B2151D452AF7D38800B99FEA /* LayersViewController.swift in Sources */,
				B2151D422AF7C56500B99FEA /* SetupSampleView.swift in Sources */,
				B26947C32AF2118E005B04B3 /* AppDelegate.swift in Sources */,
				B26947C52AF2118E005B04B3 /* SceneDelegate.swift in Sources */,
			);
			runOnlyForDeploymentPostprocessing = 0;
		};
/* End PBXSourcesBuildPhase section */

/* Begin PBXVariantGroup section */
		B26947C82AF2118E005B04B3 /* Main.storyboard */ = {
			isa = PBXVariantGroup;
			children = (
				B26947C92AF2118E005B04B3 /* Base */,
			);
			name = Main.storyboard;
			sourceTree = "<group>";
		};
		B26947CD2AF21193005B04B3 /* LaunchScreen.storyboard */ = {
			isa = PBXVariantGroup;
			children = (
				B26947CE2AF21193005B04B3 /* Base */,
			);
			name = LaunchScreen.storyboard;
			sourceTree = "<group>";
		};
/* End PBXVariantGroup section */

/* Begin XCBuildConfiguration section */
		B26947D12AF21193005B04B3 /* Debug */ = {
			isa = XCBuildConfiguration;
			buildSettings = {
				ALWAYS_SEARCH_USER_PATHS = NO;
				CLANG_ANALYZER_NONNULL = YES;
				CLANG_ANALYZER_NUMBER_OBJECT_CONVERSION = YES_AGGRESSIVE;
				CLANG_CXX_LANGUAGE_STANDARD = "gnu++20";
				CLANG_ENABLE_MODULES = YES;
				CLANG_ENABLE_OBJC_ARC = YES;
				CLANG_ENABLE_OBJC_WEAK = YES;
				CLANG_WARN_BLOCK_CAPTURE_AUTORELEASING = YES;
				CLANG_WARN_BOOL_CONVERSION = YES;
				CLANG_WARN_COMMA = YES;
				CLANG_WARN_CONSTANT_CONVERSION = YES;
				CLANG_WARN_DEPRECATED_OBJC_IMPLEMENTATIONS = YES;
				CLANG_WARN_DIRECT_OBJC_ISA_USAGE = YES_ERROR;
				CLANG_WARN_DOCUMENTATION_COMMENTS = YES;
				CLANG_WARN_EMPTY_BODY = YES;
				CLANG_WARN_ENUM_CONVERSION = YES;
				CLANG_WARN_INFINITE_RECURSION = YES;
				CLANG_WARN_INT_CONVERSION = YES;
				CLANG_WARN_NON_LITERAL_NULL_CONVERSION = YES;
				CLANG_WARN_OBJC_IMPLICIT_RETAIN_SELF = YES;
				CLANG_WARN_OBJC_LITERAL_CONVERSION = YES;
				CLANG_WARN_OBJC_ROOT_CLASS = YES_ERROR;
				CLANG_WARN_QUOTED_INCLUDE_IN_FRAMEWORK_HEADER = YES;
				CLANG_WARN_RANGE_LOOP_ANALYSIS = YES;
				CLANG_WARN_STRICT_PROTOTYPES = YES;
				CLANG_WARN_SUSPICIOUS_MOVE = YES;
				CLANG_WARN_UNGUARDED_AVAILABILITY = YES_AGGRESSIVE;
				CLANG_WARN_UNREACHABLE_CODE = YES;
				CLANG_WARN__DUPLICATE_METHOD_MATCH = YES;
				COPY_PHASE_STRIP = NO;
				DEBUG_INFORMATION_FORMAT = dwarf;
				ENABLE_STRICT_OBJC_MSGSEND = YES;
				ENABLE_TESTABILITY = YES;
				GCC_C_LANGUAGE_STANDARD = gnu11;
				GCC_DYNAMIC_NO_PIC = NO;
				GCC_NO_COMMON_BLOCKS = YES;
				GCC_OPTIMIZATION_LEVEL = 0;
				GCC_PREPROCESSOR_DEFINITIONS = (
					"DEBUG=1",
					"$(inherited)",
				);
				GCC_WARN_64_TO_32_BIT_CONVERSION = YES;
				GCC_WARN_ABOUT_RETURN_TYPE = YES_ERROR;
				GCC_WARN_UNDECLARED_SELECTOR = YES;
				GCC_WARN_UNINITIALIZED_AUTOS = YES_AGGRESSIVE;
				GCC_WARN_UNUSED_FUNCTION = YES;
				GCC_WARN_UNUSED_VARIABLE = YES;
				IPHONEOS_DEPLOYMENT_TARGET = 16.2;
				MTL_ENABLE_DEBUG_INFO = INCLUDE_SOURCE;
				MTL_FAST_MATH = YES;
				ONLY_ACTIVE_ARCH = YES;
				SDKROOT = iphoneos;
				SWIFT_ACTIVE_COMPILATION_CONDITIONS = DEBUG;
				SWIFT_OPTIMIZATION_LEVEL = "-Onone";
			};
			name = Debug;
		};
		B26947D22AF21193005B04B3 /* Release */ = {
			isa = XCBuildConfiguration;
			buildSettings = {
				ALWAYS_SEARCH_USER_PATHS = NO;
				CLANG_ANALYZER_NONNULL = YES;
				CLANG_ANALYZER_NUMBER_OBJECT_CONVERSION = YES_AGGRESSIVE;
				CLANG_CXX_LANGUAGE_STANDARD = "gnu++20";
				CLANG_ENABLE_MODULES = YES;
				CLANG_ENABLE_OBJC_ARC = YES;
				CLANG_ENABLE_OBJC_WEAK = YES;
				CLANG_WARN_BLOCK_CAPTURE_AUTORELEASING = YES;
				CLANG_WARN_BOOL_CONVERSION = YES;
				CLANG_WARN_COMMA = YES;
				CLANG_WARN_CONSTANT_CONVERSION = YES;
				CLANG_WARN_DEPRECATED_OBJC_IMPLEMENTATIONS = YES;
				CLANG_WARN_DIRECT_OBJC_ISA_USAGE = YES_ERROR;
				CLANG_WARN_DOCUMENTATION_COMMENTS = YES;
				CLANG_WARN_EMPTY_BODY = YES;
				CLANG_WARN_ENUM_CONVERSION = YES;
				CLANG_WARN_INFINITE_RECURSION = YES;
				CLANG_WARN_INT_CONVERSION = YES;
				CLANG_WARN_NON_LITERAL_NULL_CONVERSION = YES;
				CLANG_WARN_OBJC_IMPLICIT_RETAIN_SELF = YES;
				CLANG_WARN_OBJC_LITERAL_CONVERSION = YES;
				CLANG_WARN_OBJC_ROOT_CLASS = YES_ERROR;
				CLANG_WARN_QUOTED_INCLUDE_IN_FRAMEWORK_HEADER = YES;
				CLANG_WARN_RANGE_LOOP_ANALYSIS = YES;
				CLANG_WARN_STRICT_PROTOTYPES = YES;
				CLANG_WARN_SUSPICIOUS_MOVE = YES;
				CLANG_WARN_UNGUARDED_AVAILABILITY = YES_AGGRESSIVE;
				CLANG_WARN_UNREACHABLE_CODE = YES;
				CLANG_WARN__DUPLICATE_METHOD_MATCH = YES;
				COPY_PHASE_STRIP = NO;
				DEBUG_INFORMATION_FORMAT = "dwarf-with-dsym";
				ENABLE_NS_ASSERTIONS = NO;
				ENABLE_STRICT_OBJC_MSGSEND = YES;
				GCC_C_LANGUAGE_STANDARD = gnu11;
				GCC_NO_COMMON_BLOCKS = YES;
				GCC_WARN_64_TO_32_BIT_CONVERSION = YES;
				GCC_WARN_ABOUT_RETURN_TYPE = YES_ERROR;
				GCC_WARN_UNDECLARED_SELECTOR = YES;
				GCC_WARN_UNINITIALIZED_AUTOS = YES_AGGRESSIVE;
				GCC_WARN_UNUSED_FUNCTION = YES;
				GCC_WARN_UNUSED_VARIABLE = YES;
				IPHONEOS_DEPLOYMENT_TARGET = 16.2;
				MTL_ENABLE_DEBUG_INFO = NO;
				MTL_FAST_MATH = YES;
				SDKROOT = iphoneos;
				SWIFT_COMPILATION_MODE = wholemodule;
				SWIFT_OPTIMIZATION_LEVEL = "-O";
				VALIDATE_PRODUCT = YES;
			};
			name = Release;
		};
		B26947D42AF21193005B04B3 /* Debug */ = {
			isa = XCBuildConfiguration;
			buildSettings = {
				ASSETCATALOG_COMPILER_APPICON_NAME = AppIcon;
				ASSETCATALOG_COMPILER_GLOBAL_ACCENT_COLOR_NAME = AccentColor;
				CODE_SIGN_STYLE = Automatic;
				CURRENT_PROJECT_VERSION = 1;
				DEVELOPMENT_TEAM = 4QPUK3TTA8;
				GENERATE_INFOPLIST_FILE = YES;
				INFOPLIST_FILE = Salvador/Info.plist;
				INFOPLIST_KEY_UIApplicationSupportsIndirectInputEvents = YES;
				INFOPLIST_KEY_UILaunchStoryboardName = LaunchScreen;
				INFOPLIST_KEY_UIMainStoryboardFile = Main;
				INFOPLIST_KEY_UISupportedInterfaceOrientations = UIInterfaceOrientationPortrait;
				INFOPLIST_KEY_UISupportedInterfaceOrientations_iPad = "UIInterfaceOrientationLandscapeLeft UIInterfaceOrientationLandscapeRight UIInterfaceOrientationPortrait UIInterfaceOrientationPortraitUpsideDown";
				IPHONEOS_DEPLOYMENT_TARGET = 16.0;
				LD_RUNPATH_SEARCH_PATHS = (
					"$(inherited)",
					"@executable_path/Frameworks",
				);
				MARKETING_VERSION = 1.0;
				PRODUCT_BUNDLE_IDENTIFIER = com.YesVladess.Salvador;
				PRODUCT_NAME = "$(TARGET_NAME)";
				SUPPORTED_PLATFORMS = "iphoneos iphonesimulator";
				SUPPORTS_MACCATALYST = NO;
				SUPPORTS_MAC_DESIGNED_FOR_IPHONE_IPAD = NO;
				SWIFT_EMIT_LOC_STRINGS = YES;
				SWIFT_VERSION = 5.0;
				TARGETED_DEVICE_FAMILY = 1;
			};
			name = Debug;
		};
		B26947D52AF21193005B04B3 /* Release */ = {
			isa = XCBuildConfiguration;
			buildSettings = {
				ASSETCATALOG_COMPILER_APPICON_NAME = AppIcon;
				ASSETCATALOG_COMPILER_GLOBAL_ACCENT_COLOR_NAME = AccentColor;
				CODE_SIGN_STYLE = Automatic;
				CURRENT_PROJECT_VERSION = 1;
				DEVELOPMENT_TEAM = 4QPUK3TTA8;
				GENERATE_INFOPLIST_FILE = YES;
				INFOPLIST_FILE = Salvador/Info.plist;
				INFOPLIST_KEY_UIApplicationSupportsIndirectInputEvents = YES;
				INFOPLIST_KEY_UILaunchStoryboardName = LaunchScreen;
				INFOPLIST_KEY_UIMainStoryboardFile = Main;
				INFOPLIST_KEY_UISupportedInterfaceOrientations = UIInterfaceOrientationPortrait;
				INFOPLIST_KEY_UISupportedInterfaceOrientations_iPad = "UIInterfaceOrientationLandscapeLeft UIInterfaceOrientationLandscapeRight UIInterfaceOrientationPortrait UIInterfaceOrientationPortraitUpsideDown";
				IPHONEOS_DEPLOYMENT_TARGET = 16.0;
				LD_RUNPATH_SEARCH_PATHS = (
					"$(inherited)",
					"@executable_path/Frameworks",
				);
				MARKETING_VERSION = 1.0;
				PRODUCT_BUNDLE_IDENTIFIER = com.YesVladess.Salvador;
				PRODUCT_NAME = "$(TARGET_NAME)";
				SUPPORTED_PLATFORMS = "iphoneos iphonesimulator";
				SUPPORTS_MACCATALYST = NO;
				SUPPORTS_MAC_DESIGNED_FOR_IPHONE_IPAD = NO;
				SWIFT_EMIT_LOC_STRINGS = YES;
				SWIFT_VERSION = 5.0;
				TARGETED_DEVICE_FAMILY = 1;
			};
			name = Release;
		};
/* End XCBuildConfiguration section */

/* Begin XCConfigurationList section */
		B26947BA2AF2118E005B04B3 /* Build configuration list for PBXProject "Salvador" */ = {
			isa = XCConfigurationList;
			buildConfigurations = (
				B26947D12AF21193005B04B3 /* Debug */,
				B26947D22AF21193005B04B3 /* Release */,
			);
			defaultConfigurationIsVisible = 0;
			defaultConfigurationName = Release;
		};
		B26947D32AF21193005B04B3 /* Build configuration list for PBXNativeTarget "Salvador" */ = {
			isa = XCConfigurationList;
			buildConfigurations = (
				B26947D42AF21193005B04B3 /* Debug */,
				B26947D52AF21193005B04B3 /* Release */,
			);
			defaultConfigurationIsVisible = 0;
			defaultConfigurationName = Release;
		};
/* End XCConfigurationList section */
	};
	rootObject = B26947B72AF2118E005B04B3 /* Project object */;
}
